
Microsoft Visual Studio Solution File, Format Version 12.00
Project("{FAE04EC0-301F-11D3-BF4B-00C04F79EFBC}") = "BlackHoles", "BlackHoles.csproj", "{04C2B858-1E8B-41F6-9B0B-C40B9B3C1BA6}"
EndProject
Global
	GlobalSection(SolutionConfigurationPlatforms) = preSolution
		Debug|Any CPU = Debug|Any CPU
		Release|Any CPU = Release|Any CPU
	EndGlobalSection
	GlobalSection(ProjectConfigurationPlatforms) = postSolution
		{04C2B858-1E8B-41F6-9B0B-C40B9B3C1BA6}.Debug|Any CPU.ActiveCfg = Debug|Any CPU
		{04C2B858-1E8B-41F6-9B0B-C40B9B3C1BA6}.Debug|Any CPU.Build.0 = Debug|Any CPU
		{04C2B858-1E8B-41F6-9B0B-C40B9B3C1BA6}.Release|Any CPU.ActiveCfg = Release|Any CPU
		{04C2B858-1E8B-41F6-9B0B-C40B9B3C1BA6}.Release|Any CPU.Build.0 = Release|Any CPU
	EndGlobalSection
EndGlobal
